
Microsoft Visual Studio Solution File, Format Version 12.00
# Visual Studio 15
Project("{FAE04EC0-301F-11D3-BF4B-00C04F79EFBC}") = "Assembly-CSharp-firstpass", "Assembly-CSharp-firstpass.csproj", "{7471CF26-1250-592C-5D90-41B3C74D362C}"
EndProject
Project("{FAE04EC0-301F-11D3-BF4B-00C04F79EFBC}") = "Assembly-CSharp", "Assembly-CSharp.csproj", "{221CDDC6-D753-740C-9560-550B7D1CD3AD}"
EndProject
Project("{FAE04EC0-301F-11D3-BF4B-00C04F79EFBC}") = "Assembly-CSharp-Editor-firstpass", "Assembly-CSharp-Editor-firstpass.csproj", "{F2DEFE9C-22D1-8158-616A-4BABF2F71D7E}"
EndProject
Global
	GlobalSection(SolutionConfigurationPlatforms) = preSolution
		Debug|Any CPU = Debug|Any CPU
		Release|Any CPU = Release|Any CPU
	EndGlobalSection
	GlobalSection(ProjectConfigurationPlatforms) = postSolution
		{7471CF26-1250-592C-5D90-41B3C74D362C}.Debug|Any CPU.ActiveCfg = Debug|Any CPU
		{7471CF26-1250-592C-5D90-41B3C74D362C}.Debug|Any CPU.Build.0 = Debug|Any CPU
		{7471CF26-1250-592C-5D90-41B3C74D362C}.Release|Any CPU.ActiveCfg = Release|Any CPU
		{7471CF26-1250-592C-5D90-41B3C74D362C}.Release|Any CPU.Build.0 = Release|Any CPU
		{221CDDC6-D753-740C-9560-550B7D1CD3AD}.Debug|Any CPU.ActiveCfg = Debug|Any CPU
		{221CDDC6-D753-740C-9560-550B7D1CD3AD}.Debug|Any CPU.Build.0 = Debug|Any CPU
		{221CDDC6-D753-740C-9560-550B7D1CD3AD}.Release|Any CPU.ActiveCfg = Release|Any CPU
		{221CDDC6-D753-740C-9560-550B7D1CD3AD}.Release|Any CPU.Build.0 = Release|Any CPU
		{F2DEFE9C-22D1-8158-616A-4BABF2F71D7E}.Debug|Any CPU.ActiveCfg = Debug|Any CPU
		{F2DEFE9C-22D1-8158-616A-4BABF2F71D7E}.Debug|Any CPU.Build.0 = Debug|Any CPU
		{F2DEFE9C-22D1-8158-616A-4BABF2F71D7E}.Release|Any CPU.ActiveCfg = Release|Any CPU
		{F2DEFE9C-22D1-8158-616A-4BABF2F71D7E}.Release|Any CPU.Build.0 = Release|Any CPU
	EndGlobalSection
	GlobalSection(SolutionProperties) = preSolution
		HideSolutionNode = FALSE
	EndGlobalSection
EndGlobal
